
Microsoft Visual Studio Solution File, Format Version 12.00
# Visual Studio Version 16
VisualStudioVersion = 16.0.30413.136
MinimumVisualStudioVersion = 10.0.40219.1
Project("{FAE04EC0-301F-11D3-BF4B-00C04F79EFBC}") = "ProduzirTopico", "ProduzirTopico\ProduzirTopico.csproj", "{5352AB61-8F4C-436D-B30E-607763D9D22B}"
EndProject
Project("{FAE04EC0-301F-11D3-BF4B-00C04F79EFBC}") = "ConsumirTopico", "ConsumirTopico\ConsumirTopico.csproj", "{CC21214C-30AF-4AAD-B08C-125606D1C1B7}"
EndProject
Global
	GlobalSection(SolutionConfigurationPlatforms) = preSolution
		Debug|Any CPU = Debug|Any CPU
		Release|Any CPU = Release|Any CPU
	EndGlobalSection
	GlobalSection(ProjectConfigurationPlatforms) = postSolution
		{5352AB61-8F4C-436D-B30E-607763D9D22B}.Debug|Any CPU.ActiveCfg = Debug|Any CPU
		{5352AB61-8F4C-436D-B30E-607763D9D22B}.Debug|Any CPU.Build.0 = Debug|Any CPU
		{5352AB61-8F4C-436D-B30E-607763D9D22B}.Release|Any CPU.ActiveCfg = Release|Any CPU
		{5352AB61-8F4C-436D-B30E-607763D9D22B}.Release|Any CPU.Build.0 = Release|Any CPU
		{CC21214C-30AF-4AAD-B08C-125606D1C1B7}.Debug|Any CPU.ActiveCfg = Debug|Any CPU
		{CC21214C-30AF-4AAD-B08C-125606D1C1B7}.Debug|Any CPU.Build.0 = Debug|Any CPU
		{CC21214C-30AF-4AAD-B08C-125606D1C1B7}.Release|Any CPU.ActiveCfg = Release|Any CPU
		{CC21214C-30AF-4AAD-B08C-125606D1C1B7}.Release|Any CPU.Build.0 = Release|Any CPU
	EndGlobalSection
	GlobalSection(SolutionProperties) = preSolution
		HideSolutionNode = FALSE
	EndGlobalSection
	GlobalSection(ExtensibilityGlobals) = postSolution
		SolutionGuid = {E327762D-8AD3-4394-9BE0-13B45D94953A}
	EndGlobalSection
EndGlobal
